<?xml version="1.0" encoding="utf-8"?>
<Project ToolsVersion="4.0" xmlns="http://schemas.microsoft.com/developer/msbuild/2003">
  <ItemGroup>
    <Filter Include="Resource Files">
      <UniqueIdentifier>{67DA6AB6-F800-4c08-8B7A-83BB121AAD01}</UniqueIdentifier>
      <Extensions>rc;ico;cur;bmp;dlg;rc2;rct;bin;rgs;gif;jpg;jpeg;jpe;resx;tiff;tif;png;wav;mfcribbon-ms</Extensions>
    </Filter>
    <Filter Include="Headers">
      <UniqueIdentifier>{a3ee59d2-fc14-4581-8083-1b858cb68152}</UniqueIdentifier>
    </Filter>
    <Filter Include="Source">
      <UniqueIdentifier>{e2be5dad-d5d4-40d4-a5de-7ddfb1f24c08}</UniqueIdentifier>
    </Filter>
    <Filter Include="Resource Files\Shaders">
      <UniqueIdentifier>{253177ee-00f8-424f-99c0-8efa4392960b}</UniqueIdentifier>
    </Filter>
    <Filter Include="Source\Core">
      <UniqueIdentifier>{28efb635-3bb3-4cff-a763-b186a3f0e6b8}</UniqueIdentifier>
    </Filter>
    <Filter Include="Headers\Core">
      <UniqueIdentifier>{e8d86d6c-df02-445b-b0ee-9e0776067e16}</UniqueIdentifier>
    </Filter>
    <Filter Include="Headers\VBO">
      <UniqueIdentifier>{e300aa97-1d2b-489b-936c-6c380b1e1566}</UniqueIdentifier>
    </Filter>
    <Filter Include="Source\VBO">
      <UniqueIdentifier>{52910a18-7eeb-4fa2-8730-d385f6955184}</UniqueIdentifier>
    </Filter>
    <Filter Include="Headers\Game Objects">
      <UniqueIdentifier>{7f8fd8ab-e196-457b-be36-84553536bc76}</UniqueIdentifier>
    </Filter>
    <Filter Include="Source\Game Objects">
      <UniqueIdentifier>{316b537b-fb4b-4a33-b21a-aea572614dcc}</UniqueIdentifier>
    </Filter>
    <Filter Include="Headers\Math">
      <UniqueIdentifier>{5ad89521-76f4-4f06-a5e0-23ecce7a2efa}</UniqueIdentifier>
    </Filter>
    <Filter Include="Source\Math">
      <UniqueIdentifier>{42774e0b-86f1-44b4-8925-e2b8d6eb3770}</UniqueIdentifier>
    </Filter>
    <Filter Include="Headers\Structs and Enums">
      <UniqueIdentifier>{0e89e30a-e1eb-4e11-8f81-a29b219e2783}</UniqueIdentifier>
    </Filter>
    <Filter Include="Headers\Materials">
      <UniqueIdentifier>{7f4df9e6-6a5d-4970-aabe-a0524aebbaf3}</UniqueIdentifier>
    </Filter>
    <Filter Include="Source\Materials">
      <UniqueIdentifier>{219daa4d-b777-4989-a69f-5af1c7c28220}</UniqueIdentifier>
    </Filter>
    <Filter Include="Resource Files\Models">
      <UniqueIdentifier>{421cb877-f914-40cd-8fd9-f6e4d964a706}</UniqueIdentifier>
    </Filter>
  </ItemGroup>
  <ItemGroup>
    <ClInclude Include="Src\DebugSystem.h">
      <Filter>Headers\Core</Filter>
    </ClInclude>
    <ClInclude Include="Src\Window.h">
      <Filter>Headers\Core</Filter>
    </ClInclude>
    <ClInclude Include="Src\Triangle.h">
      <Filter>Headers\VBO</Filter>
    </ClInclude>
    <ClInclude Include="Src\Game.h">
      <Filter>Headers\Core</Filter>
    </ClInclude>
    <ClInclude Include="Src\GameData.h">
      <Filter>Headers\Structs and Enums</Filter>
    </ClInclude>
    <ClInclude Include="Src\InputManager.h">
      <Filter>Headers\Core</Filter>
    </ClInclude>
    <ClInclude Include="Src\Camera.h">
      <Filter>Headers\Game Objects</Filter>
    </ClInclude>
    <ClInclude Include="Src\GameObject.h">
      <Filter>Headers\Game Objects</Filter>
    </ClInclude>
    <ClInclude Include="Src\Matrix.h">
      <Filter>Headers\Math</Filter>
    </ClInclude>
    <ClInclude Include="Src\Quaternion.h">
      <Filter>Headers\Math</Filter>
    </ClInclude>
    <ClInclude Include="Src\Transform.h">
      <Filter>Headers\Math</Filter>
    </ClInclude>
    <ClInclude Include="Src\Vector3.h">
      <Filter>Headers\Math</Filter>
    </ClInclude>
    <ClInclude Include="Src\KeyState.h">
      <Filter>Headers\Structs and Enums</Filter>
    </ClInclude>
    <ClInclude Include="Src\GameAction.h">
      <Filter>Headers\Structs and Enums</Filter>
    </ClInclude>
    <ClInclude Include="Src\RenderData.h">
      <Filter>Headers\Structs and Enums</Filter>
    </ClInclude>
    <ClInclude Include="Src\Renderer.h">
      <Filter>Headers\Core</Filter>
    </ClInclude>
    <ClInclude Include="Src\Model.h">
      <Filter>Headers\Game Objects</Filter>
    </ClInclude>
    <ClInclude Include="Src\Mesh.h">
      <Filter>Headers\VBO</Filter>
    </ClInclude>
    <ClInclude Include="Src\Macros.h">
      <Filter>Headers</Filter>
    </ClInclude>
    <ClInclude Include="Src\Material.h">
      <Filter>Headers\Materials</Filter>
    </ClInclude>
    <ClInclude Include="Src\Vertex.h">
      <Filter>Headers\VBO</Filter>
    </ClInclude>
    <ClInclude Include="Src\TMath.h">
      <Filter>Headers\Math</Filter>
    </ClInclude>
    <ClInclude Include="Src\Light.h">
      <Filter>Headers\Structs and Enums</Filter>
    </ClInclude>
    <ClInclude Include="Src\PBRMaterialParams.h">
      <Filter>Headers\Materials</Filter>
    </ClInclude>
    <ClInclude Include="Src\FurMaterial.h">
      <Filter>Headers\Materials</Filter>
    </ClInclude>
  </ItemGroup>
  <ItemGroup>
    <ClCompile Include="Src\main.cpp">
      <Filter>Source</Filter>
    </ClCompile>
    <ClCompile Include="Src\DebugSystem.cpp">
      <Filter>Source\Core</Filter>
    </ClCompile>
    <ClCompile Include="Src\Window.cpp">
      <Filter>Source\Core</Filter>
    </ClCompile>
    <ClCompile Include="Src\Triangle.cpp">
      <Filter>Source\VBO</Filter>
    </ClCompile>
    <ClCompile Include="Src\Game.cpp">
      <Filter>Source\Core</Filter>
    </ClCompile>
    <ClCompile Include="Src\Camera.cpp">
      <Filter>Source\Game Objects</Filter>
    </ClCompile>
    <ClCompile Include="Src\GameObject.cpp">
      <Filter>Source\Game Objects</Filter>
    </ClCompile>
    <ClCompile Include="Src\Matrix.cpp">
      <Filter>Source\Math</Filter>
    </ClCompile>
    <ClCompile Include="Src\Quaternion.cpp">
      <Filter>Source\Math</Filter>
    </ClCompile>
    <ClCompile Include="Src\Transform.cpp">
      <Filter>Source\Math</Filter>
    </ClCompile>
    <ClCompile Include="Src\Vector3.cpp">
      <Filter>Source\Math</Filter>
    </ClCompile>
    <ClCompile Include="Src\InputManager.cpp">
      <Filter>Source\Core</Filter>
    </ClCompile>
    <ClCompile Include="Src\Renderer.cpp">
      <Filter>Source\Core</Filter>
    </ClCompile>
    <ClCompile Include="Src\Model.cpp">
      <Filter>Source\Game Objects</Filter>
    </ClCompile>
    <ClCompile Include="Src\Mesh.cpp">
      <Filter>Source\VBO</Filter>
    </ClCompile>
    <ClCompile Include="Src\Material.cpp">
      <Filter>Source\Materials</Filter>
    </ClCompile>
    <ClCompile Include="Src\TMath.cpp">
      <Filter>Source\Math</Filter>
    </ClCompile>
    <ClCompile Include="Src\FurMaterial.cpp">
      <Filter>Source\Materials</Filter>
    </ClCompile>
  </ItemGroup>
  <ItemGroup>
    <FxCompile Include="Src\Triangle_Pixel_Shader.hlsl">
      <Filter>Resource Files\Shaders</Filter>
    </FxCompile>
    <FxCompile Include="Src\Triangle_Vertex_Shader.hlsl">
      <Filter>Resource Files\Shaders</Filter>
    </FxCompile>
    <FxCompile Include="Src\Standard_Material_Vertex_Shader.hlsl">
      <Filter>Resource Files\Shaders</Filter>
    </FxCompile>
    <FxCompile Include="Src\Standard_Material_Pixel_Shader.hlsl">
      <Filter>Resource Files\Shaders</Filter>
    </FxCompile>
    <FxCompile Include="Src\Fur_Shell_Geometry_Shader.hlsl">
      <Filter>Resource Files\Shaders</Filter>
    </FxCompile>
    <FxCompile Include="Src\Fur_Pixel_Shader.hlsl">
      <Filter>Resource Files\Shaders</Filter>
    </FxCompile>
  </ItemGroup>
  <ItemGroup>
    <None Include="packages.config" />
    <None Include="Axe.obj">
      <Filter>Resource Files\Models</Filter>
    </None>
    <None Include="Src\PBR_Common_Functions.hlsl">
      <Filter>Resource Files\Shaders</Filter>
    </None>
    <None Include="Src\PBR_Lighting.hlsl">
      <Filter>Resource Files\Shaders</Filter>
    </None>
    <None Include="Sphere.obj">
      <Filter>Resource Files\Models</Filter>
    </None>
    <None Include="Big_Cat.obj">
      <Filter>Resource Files\Models</Filter>
    </None>
    <None Include="Src\Base_PS_Buffers.hlsl">
      <Filter>Resource Files\Shaders</Filter>
    </None>
    <None Include="Src\Base_VS_Buffers.hlsl">
      <Filter>Resource Files\Shaders</Filter>
    </None>
  </ItemGroup>
</Project>